
Microsoft Visual Studio Solution File, Format Version 12.00
# Visual Studio Version 17
VisualStudioVersion = 17.4.33205.214
MinimumVisualStudioVersion = 10.0.40219.1
Project("{9A19103F-16F7-4668-BE54-9A1E7A4F7556}") = "NorthwindAPI", "..\NorthwindAPI-master\NorthwindAPI\NorthwindAPI.csproj", "{C18E6F1E-6371-4887-AE5B-B74D5EED52EE}"
EndProject
Project("{9A19103F-16F7-4668-BE54-9A1E7A4F7556}") = "Northwind.Layout", "..\Northwind.Layout-master\Northwind.Layout\Northwind.Layout.csproj", "{A7E1A5B2-DC88-4908-AA0E-D19A661FCE46}"
EndProject
Global
	GlobalSection(SolutionConfigurationPlatforms) = preSolution
		Debug|Any CPU = Debug|Any CPU
		Release|Any CPU = Release|Any CPU
	EndGlobalSection
	GlobalSection(ProjectConfigurationPlatforms) = postSolution
		{C18E6F1E-6371-4887-AE5B-B74D5EED52EE}.Debug|Any CPU.ActiveCfg = Debug|Any CPU
		{C18E6F1E-6371-4887-AE5B-B74D5EED52EE}.Debug|Any CPU.Build.0 = Debug|Any CPU
		{C18E6F1E-6371-4887-AE5B-B74D5EED52EE}.Release|Any CPU.ActiveCfg = Release|Any CPU
		{C18E6F1E-6371-4887-AE5B-B74D5EED52EE}.Release|Any CPU.Build.0 = Release|Any CPU
		{A7E1A5B2-DC88-4908-AA0E-D19A661FCE46}.Debug|Any CPU.ActiveCfg = Debug|Any CPU
		{A7E1A5B2-DC88-4908-AA0E-D19A661FCE46}.Debug|Any CPU.Build.0 = Debug|Any CPU
		{A7E1A5B2-DC88-4908-AA0E-D19A661FCE46}.Release|Any CPU.ActiveCfg = Release|Any CPU
		{A7E1A5B2-DC88-4908-AA0E-D19A661FCE46}.Release|Any CPU.Build.0 = Release|Any CPU
	EndGlobalSection
	GlobalSection(SolutionProperties) = preSolution
		HideSolutionNode = FALSE
	EndGlobalSection
	GlobalSection(ExtensibilityGlobals) = postSolution
		SolutionGuid = {CC06EA43-5C85-44B3-9600-AEA3B3C4AC53}
	EndGlobalSection
EndGlobal
